{
  "name": "cardrank-python",
  "version": "1.0.0",
  "lockfileVersion": 1,
  "requires": true,
  "dependencies": {
    "argparse": {
      "version": "2.0.1",
      "resolved": "https://registry.npmjs.org/argparse/-/argparse-2.0.1.tgz",
      "integrity": "sha512-8+9WqebbFzpX9OR+Wa6O29asIogeRMzcGtAINdpMHHyAg10f05aSFVBbcEqGf/PXw1EjAZ+q2/bEBg3DvurK3Q=="
    },
    "fast-shuffle": {
      "version": "4.5.0",
      "resolved": "https://registry.npmjs.org/fast-shuffle/-/fast-shuffle-4.5.0.tgz",
      "integrity": "sha512-iLGRTjz1nrnwk4902yt16Sz+uN1P27RTjiIdQ2sjueSTs3sh/aHGryWDOG5LdGPJjId2jFGcUdi6gjV6qDmBaw==",
      "requires": {
        "fn-mt": "1.2.1"
      }
    },
    "fn-mt": {
      "version": "1.2.1",
      "resolved": "https://registry.npmjs.org/fn-mt/-/fn-mt-1.2.1.tgz",
      "integrity": "sha512-pH4wCsSEfuaffWysGvOds36E9qVAoUK9Up9dWqNTx/qLTQobdOxriINVxd1xoQjMNn+ozMifc425mvgOgK21pQ=="
    },
    "js-yaml": {
      "version": "4.1.0",
      "resolved": "https://registry.npmjs.org/js-yaml/-/js-yaml-4.1.0.tgz",
      "integrity": "sha512-wpxZs9NoxZaJESJGIZTyDEaYpl0FKSA+FB9aJiyemKhMwkxQg63h4T1KJgUGHpTqPDNRcmmYLugrRjJlBtWvRA==",
      "requires": {
        "argparse": "^2.0.1"
      }
    }
  }
}
